
Microsoft Visual Studio Solution File, Format Version 12.00
# Visual Studio Version 16
VisualStudioVersion = 16.0.31112.23
MinimumVisualStudioVersion = 10.0.40219.1
Project("{FAE04EC0-301F-11D3-BF4B-00C04F79EFBC}") = "GreedyAlgorithem", "GreedyAlgorithem\GreedyAlgorithem.csproj", "{AA848851-AC2C-4FE8-9349-1AC4C57E8D55}"
EndProject
Project("{2150E333-8FDC-42A3-9474-1A3956D46DE8}") = "001_StandardGreedyAlgorithem", "001_StandardGreedyAlgorithem", "{CC4D01F9-9EE6-4DF7-8AE4-7B0C4F9D276B}"
EndProject
Project("{FAE04EC0-301F-11D3-BF4B-00C04F79EFBC}") = "ActivitySelectionProblem", "ActivitySelectionProblem\ActivitySelectionProblem.csproj", "{887ED72B-21EB-47EE-90D6-08D8D3FD96EA}"
EndProject
Project("{FAE04EC0-301F-11D3-BF4B-00C04F79EFBC}") = "Utilities", "Utilities\Utilities.csproj", "{1BC7099D-D83F-4F97-BC45-BE3C06BE2B32}"
EndProject
Project("{FAE04EC0-301F-11D3-BF4B-00C04F79EFBC}") = "002_EgyptianFraction", "002_EgyptianFraction\002_EgyptianFraction.csproj", "{682679B0-0FB1-4F01-B9B4-B4A5DA1366D4}"
EndProject
Project("{FAE04EC0-301F-11D3-BF4B-00C04F79EFBC}") = "003_JobSequence", "003_JobSequence\003_JobSequence.csproj", "{B9926AAB-1B4D-493B-97AC-05921ED9D8F5}"
EndProject
Project("{FAE04EC0-301F-11D3-BF4B-00C04F79EFBC}") = "004_JobSequence_Disjoint", "004_JobSequence_Disjoint\004_JobSequence_Disjoint.csproj", "{52C61E7C-A60D-493C-BA9F-EB92358E3AFF}"
EndProject
Project("{FAE04EC0-301F-11D3-BF4B-00C04F79EFBC}") = "005_JobSequence_Loss_Minimization", "005_JobSequence_Loss_Minimization\005_JobSequence_Loss_Minimization.csproj", "{16BCD0D3-B724-4103-A96E-484FC641E2B2}"
EndProject
Project("{FAE04EC0-301F-11D3-BF4B-00C04F79EFBC}") = "006_JobSequence_Loss_Minimization_Set_2", "006_JobSequence_Loss_Minimization_Set_2\006_JobSequence_Loss_Minimization_Set_2.csproj", "{0C63A282-C6E5-48FF-A624-EA54040C06DF}"
EndProject
Project("{FAE04EC0-301F-11D3-BF4B-00C04F79EFBC}") = "007_Huffman_Coding", "007_Huffman_Coding\007_Huffman_Coding.csproj", "{0EF8FCBD-6024-4A0A-995C-E52E60944168}"
EndProject
Project("{FAE04EC0-301F-11D3-BF4B-00C04F79EFBC}") = "008_Efficient_Huffman_Coding", "008_Efficient_Huffman_Coding\008_Efficient_Huffman_Coding.csproj", "{90DCAEEC-084E-46B2-A1AD-08F98C19FAD0}"
EndProject
Project("{FAE04EC0-301F-11D3-BF4B-00C04F79EFBC}") = "009_Huffman_Decoding", "009_Huffman_Decoding\009_Huffman_Decoding.csproj", "{F3A51E34-2CF3-4EDA-9ABA-5995A1F3BD7D}"
EndProject
Project("{2150E333-8FDC-42A3-9474-1A3956D46DE8}") = "002_Problems", "002_Problems", "{69C5B94E-FE22-42FB-A9BE-8D9DC8297875}"
EndProject
Project("{FAE04EC0-301F-11D3-BF4B-00C04F79EFBC}") = "001_MaxWaterArea", "001_MaxWaterArea\001_MaxWaterArea.csproj", "{E4666D03-23B4-4972-A406-C8D8E45524F0}"
EndProject
Project("{FAE04EC0-301F-11D3-BF4B-00C04F79EFBC}") = "002_JumpGame1", "002_JumpGame1\002_JumpGame1.csproj", "{786E80CF-204B-460E-9E44-DBC64DA0D64C}"
EndProject
Project("{FAE04EC0-301F-11D3-BF4B-00C04F79EFBC}") = "003_JumpGame1", "003_JumpGame1\003_JumpGame1.csproj", "{29A3D98C-2394-4B27-899D-0AB8BCBBD8EB}"
EndProject
Project("{FAE04EC0-301F-11D3-BF4B-00C04F79EFBC}") = "004_LongestPalindrome", "004_LongestPalindrome\004_LongestPalindrome.csproj", "{CFD71F2F-E414-4058-9BB5-BE83CE2AF016}"
EndProject
Project("{FAE04EC0-301F-11D3-BF4B-00C04F79EFBC}") = "005_WildcardMatching", "005_WildcardMatching\005_WildcardMatching.csproj", "{7395AF80-6866-437D-A6E5-9AA2D5BCA863}"
EndProject
Project("{FAE04EC0-301F-11D3-BF4B-00C04F79EFBC}") = "006_WildcardMatchingDynamic", "006_WildcardMatching\006_WildcardMatchingDynamic.csproj", "{EB1328CF-D116-46F9-9DEE-EE131A11F31D}"
EndProject
Project("{FAE04EC0-301F-11D3-BF4B-00C04F79EFBC}") = "007_JumpGame2", "007_JumpGame2\007_JumpGame2.csproj", "{E7AA1DF2-FEAE-410E-B53C-7415C6441B3A}"
EndProject
Project("{FAE04EC0-301F-11D3-BF4B-00C04F79EFBC}") = "008_JumpGame2", "008_JumpGame2\008_JumpGame2.csproj", "{E3498DA8-FE7B-4C5F-99DA-10B84870F438}"
EndProject
Global
	GlobalSection(SolutionConfigurationPlatforms) = preSolution
		Debug|Any CPU = Debug|Any CPU
		Release|Any CPU = Release|Any CPU
	EndGlobalSection
	GlobalSection(ProjectConfigurationPlatforms) = postSolution
		{AA848851-AC2C-4FE8-9349-1AC4C57E8D55}.Debug|Any CPU.ActiveCfg = Debug|Any CPU
		{AA848851-AC2C-4FE8-9349-1AC4C57E8D55}.Debug|Any CPU.Build.0 = Debug|Any CPU
		{AA848851-AC2C-4FE8-9349-1AC4C57E8D55}.Release|Any CPU.ActiveCfg = Release|Any CPU
		{AA848851-AC2C-4FE8-9349-1AC4C57E8D55}.Release|Any CPU.Build.0 = Release|Any CPU
		{887ED72B-21EB-47EE-90D6-08D8D3FD96EA}.Debug|Any CPU.ActiveCfg = Debug|Any CPU
		{887ED72B-21EB-47EE-90D6-08D8D3FD96EA}.Debug|Any CPU.Build.0 = Debug|Any CPU
		{887ED72B-21EB-47EE-90D6-08D8D3FD96EA}.Release|Any CPU.ActiveCfg = Release|Any CPU
		{887ED72B-21EB-47EE-90D6-08D8D3FD96EA}.Release|Any CPU.Build.0 = Release|Any CPU
		{1BC7099D-D83F-4F97-BC45-BE3C06BE2B32}.Debug|Any CPU.ActiveCfg = Debug|Any CPU
		{1BC7099D-D83F-4F97-BC45-BE3C06BE2B32}.Debug|Any CPU.Build.0 = Debug|Any CPU
		{1BC7099D-D83F-4F97-BC45-BE3C06BE2B32}.Release|Any CPU.ActiveCfg = Release|Any CPU
		{1BC7099D-D83F-4F97-BC45-BE3C06BE2B32}.Release|Any CPU.Build.0 = Release|Any CPU
		{682679B0-0FB1-4F01-B9B4-B4A5DA1366D4}.Debug|Any CPU.ActiveCfg = Debug|Any CPU
		{682679B0-0FB1-4F01-B9B4-B4A5DA1366D4}.Debug|Any CPU.Build.0 = Debug|Any CPU
		{682679B0-0FB1-4F01-B9B4-B4A5DA1366D4}.Release|Any CPU.ActiveCfg = Release|Any CPU
		{682679B0-0FB1-4F01-B9B4-B4A5DA1366D4}.Release|Any CPU.Build.0 = Release|Any CPU
		{B9926AAB-1B4D-493B-97AC-05921ED9D8F5}.Debug|Any CPU.ActiveCfg = Debug|Any CPU
		{B9926AAB-1B4D-493B-97AC-05921ED9D8F5}.Debug|Any CPU.Build.0 = Debug|Any CPU
		{B9926AAB-1B4D-493B-97AC-05921ED9D8F5}.Release|Any CPU.ActiveCfg = Release|Any CPU
		{B9926AAB-1B4D-493B-97AC-05921ED9D8F5}.Release|Any CPU.Build.0 = Release|Any CPU
		{52C61E7C-A60D-493C-BA9F-EB92358E3AFF}.Debug|Any CPU.ActiveCfg = Debug|Any CPU
		{52C61E7C-A60D-493C-BA9F-EB92358E3AFF}.Debug|Any CPU.Build.0 = Debug|Any CPU
		{52C61E7C-A60D-493C-BA9F-EB92358E3AFF}.Release|Any CPU.ActiveCfg = Release|Any CPU
		{52C61E7C-A60D-493C-BA9F-EB92358E3AFF}.Release|Any CPU.Build.0 = Release|Any CPU
		{16BCD0D3-B724-4103-A96E-484FC641E2B2}.Debug|Any CPU.ActiveCfg = Debug|Any CPU
		{16BCD0D3-B724-4103-A96E-484FC641E2B2}.Debug|Any CPU.Build.0 = Debug|Any CPU
		{16BCD0D3-B724-4103-A96E-484FC641E2B2}.Release|Any CPU.ActiveCfg = Release|Any CPU
		{16BCD0D3-B724-4103-A96E-484FC641E2B2}.Release|Any CPU.Build.0 = Release|Any CPU
		{0C63A282-C6E5-48FF-A624-EA54040C06DF}.Debug|Any CPU.ActiveCfg = Debug|Any CPU
		{0C63A282-C6E5-48FF-A624-EA54040C06DF}.Debug|Any CPU.Build.0 = Debug|Any CPU
		{0C63A282-C6E5-48FF-A624-EA54040C06DF}.Release|Any CPU.ActiveCfg = Release|Any CPU
		{0C63A282-C6E5-48FF-A624-EA54040C06DF}.Release|Any CPU.Build.0 = Release|Any CPU
		{0EF8FCBD-6024-4A0A-995C-E52E60944168}.Debug|Any CPU.ActiveCfg = Debug|Any CPU
		{0EF8FCBD-6024-4A0A-995C-E52E60944168}.Debug|Any CPU.Build.0 = Debug|Any CPU
		{0EF8FCBD-6024-4A0A-995C-E52E60944168}.Release|Any CPU.ActiveCfg = Release|Any CPU
		{0EF8FCBD-6024-4A0A-995C-E52E60944168}.Release|Any CPU.Build.0 = Release|Any CPU
		{90DCAEEC-084E-46B2-A1AD-08F98C19FAD0}.Debug|Any CPU.ActiveCfg = Debug|Any CPU
		{90DCAEEC-084E-46B2-A1AD-08F98C19FAD0}.Debug|Any CPU.Build.0 = Debug|Any CPU
		{90DCAEEC-084E-46B2-A1AD-08F98C19FAD0}.Release|Any CPU.ActiveCfg = Release|Any CPU
		{90DCAEEC-084E-46B2-A1AD-08F98C19FAD0}.Release|Any CPU.Build.0 = Release|Any CPU
		{F3A51E34-2CF3-4EDA-9ABA-5995A1F3BD7D}.Debug|Any CPU.ActiveCfg = Debug|Any CPU
		{F3A51E34-2CF3-4EDA-9ABA-5995A1F3BD7D}.Debug|Any CPU.Build.0 = Debug|Any CPU
		{F3A51E34-2CF3-4EDA-9ABA-5995A1F3BD7D}.Release|Any CPU.ActiveCfg = Release|Any CPU
		{F3A51E34-2CF3-4EDA-9ABA-5995A1F3BD7D}.Release|Any CPU.Build.0 = Release|Any CPU
		{E4666D03-23B4-4972-A406-C8D8E45524F0}.Debug|Any CPU.ActiveCfg = Debug|Any CPU
		{E4666D03-23B4-4972-A406-C8D8E45524F0}.Debug|Any CPU.Build.0 = Debug|Any CPU
		{E4666D03-23B4-4972-A406-C8D8E45524F0}.Release|Any CPU.ActiveCfg = Release|Any CPU
		{E4666D03-23B4-4972-A406-C8D8E45524F0}.Release|Any CPU.Build.0 = Release|Any CPU
		{786E80CF-204B-460E-9E44-DBC64DA0D64C}.Debug|Any CPU.ActiveCfg = Debug|Any CPU
		{786E80CF-204B-460E-9E44-DBC64DA0D64C}.Debug|Any CPU.Build.0 = Debug|Any CPU
		{786E80CF-204B-460E-9E44-DBC64DA0D64C}.Release|Any CPU.ActiveCfg = Release|Any CPU
		{786E80CF-204B-460E-9E44-DBC64DA0D64C}.Release|Any CPU.Build.0 = Release|Any CPU
		{29A3D98C-2394-4B27-899D-0AB8BCBBD8EB}.Debug|Any CPU.ActiveCfg = Debug|Any CPU
		{29A3D98C-2394-4B27-899D-0AB8BCBBD8EB}.Debug|Any CPU.Build.0 = Debug|Any CPU
		{29A3D98C-2394-4B27-899D-0AB8BCBBD8EB}.Release|Any CPU.ActiveCfg = Release|Any CPU
		{29A3D98C-2394-4B27-899D-0AB8BCBBD8EB}.Release|Any CPU.Build.0 = Release|Any CPU
		{CFD71F2F-E414-4058-9BB5-BE83CE2AF016}.Debug|Any CPU.ActiveCfg = Debug|Any CPU
		{CFD71F2F-E414-4058-9BB5-BE83CE2AF016}.Debug|Any CPU.Build.0 = Debug|Any CPU
		{CFD71F2F-E414-4058-9BB5-BE83CE2AF016}.Release|Any CPU.ActiveCfg = Release|Any CPU
		{CFD71F2F-E414-4058-9BB5-BE83CE2AF016}.Release|Any CPU.Build.0 = Release|Any CPU
		{7395AF80-6866-437D-A6E5-9AA2D5BCA863}.Debug|Any CPU.ActiveCfg = Debug|Any CPU
		{7395AF80-6866-437D-A6E5-9AA2D5BCA863}.Debug|Any CPU.Build.0 = Debug|Any CPU
		{7395AF80-6866-437D-A6E5-9AA2D5BCA863}.Release|Any CPU.ActiveCfg = Release|Any CPU
		{7395AF80-6866-437D-A6E5-9AA2D5BCA863}.Release|Any CPU.Build.0 = Release|Any CPU
		{EB1328CF-D116-46F9-9DEE-EE131A11F31D}.Debug|Any CPU.ActiveCfg = Debug|Any CPU
		{EB1328CF-D116-46F9-9DEE-EE131A11F31D}.Debug|Any CPU.Build.0 = Debug|Any CPU
		{EB1328CF-D116-46F9-9DEE-EE131A11F31D}.Release|Any CPU.ActiveCfg = Release|Any CPU
		{EB1328CF-D116-46F9-9DEE-EE131A11F31D}.Release|Any CPU.Build.0 = Release|Any CPU
		{E7AA1DF2-FEAE-410E-B53C-7415C6441B3A}.Debug|Any CPU.ActiveCfg = Debug|Any CPU
		{E7AA1DF2-FEAE-410E-B53C-7415C6441B3A}.Debug|Any CPU.Build.0 = Debug|Any CPU
		{E7AA1DF2-FEAE-410E-B53C-7415C6441B3A}.Release|Any CPU.ActiveCfg = Release|Any CPU
		{E7AA1DF2-FEAE-410E-B53C-7415C6441B3A}.Release|Any CPU.Build.0 = Release|Any CPU
		{E3498DA8-FE7B-4C5F-99DA-10B84870F438}.Debug|Any CPU.ActiveCfg = Debug|Any CPU
		{E3498DA8-FE7B-4C5F-99DA-10B84870F438}.Debug|Any CPU.Build.0 = Debug|Any CPU
		{E3498DA8-FE7B-4C5F-99DA-10B84870F438}.Release|Any CPU.ActiveCfg = Release|Any CPU
		{E3498DA8-FE7B-4C5F-99DA-10B84870F438}.Release|Any CPU.Build.0 = Release|Any CPU
	EndGlobalSection
	GlobalSection(SolutionProperties) = preSolution
		HideSolutionNode = FALSE
	EndGlobalSection
	GlobalSection(NestedProjects) = preSolution
		{887ED72B-21EB-47EE-90D6-08D8D3FD96EA} = {CC4D01F9-9EE6-4DF7-8AE4-7B0C4F9D276B}
		{682679B0-0FB1-4F01-B9B4-B4A5DA1366D4} = {CC4D01F9-9EE6-4DF7-8AE4-7B0C4F9D276B}
		{B9926AAB-1B4D-493B-97AC-05921ED9D8F5} = {CC4D01F9-9EE6-4DF7-8AE4-7B0C4F9D276B}
		{52C61E7C-A60D-493C-BA9F-EB92358E3AFF} = {CC4D01F9-9EE6-4DF7-8AE4-7B0C4F9D276B}
		{16BCD0D3-B724-4103-A96E-484FC641E2B2} = {CC4D01F9-9EE6-4DF7-8AE4-7B0C4F9D276B}
		{0C63A282-C6E5-48FF-A624-EA54040C06DF} = {CC4D01F9-9EE6-4DF7-8AE4-7B0C4F9D276B}
		{0EF8FCBD-6024-4A0A-995C-E52E60944168} = {CC4D01F9-9EE6-4DF7-8AE4-7B0C4F9D276B}
		{90DCAEEC-084E-46B2-A1AD-08F98C19FAD0} = {CC4D01F9-9EE6-4DF7-8AE4-7B0C4F9D276B}
		{F3A51E34-2CF3-4EDA-9ABA-5995A1F3BD7D} = {CC4D01F9-9EE6-4DF7-8AE4-7B0C4F9D276B}
		{E4666D03-23B4-4972-A406-C8D8E45524F0} = {69C5B94E-FE22-42FB-A9BE-8D9DC8297875}
		{786E80CF-204B-460E-9E44-DBC64DA0D64C} = {69C5B94E-FE22-42FB-A9BE-8D9DC8297875}
		{29A3D98C-2394-4B27-899D-0AB8BCBBD8EB} = {69C5B94E-FE22-42FB-A9BE-8D9DC8297875}
		{CFD71F2F-E414-4058-9BB5-BE83CE2AF016} = {69C5B94E-FE22-42FB-A9BE-8D9DC8297875}
		{7395AF80-6866-437D-A6E5-9AA2D5BCA863} = {69C5B94E-FE22-42FB-A9BE-8D9DC8297875}
		{EB1328CF-D116-46F9-9DEE-EE131A11F31D} = {69C5B94E-FE22-42FB-A9BE-8D9DC8297875}
		{E7AA1DF2-FEAE-410E-B53C-7415C6441B3A} = {69C5B94E-FE22-42FB-A9BE-8D9DC8297875}
		{E3498DA8-FE7B-4C5F-99DA-10B84870F438} = {69C5B94E-FE22-42FB-A9BE-8D9DC8297875}
	EndGlobalSection
	GlobalSection(ExtensibilityGlobals) = postSolution
		SolutionGuid = {67BD6704-9D0A-444E-AAB5-CF2BDD8A0D4C}
	EndGlobalSection
EndGlobal
