
Microsoft Visual Studio Solution File, Format Version 12.00
# Visual Studio Version 16
VisualStudioVersion = 16.0.31112.23
MinimumVisualStudioVersion = 10.0.40219.1
Project("{FAE04EC0-301F-11D3-BF4B-00C04F79EFBC}") = "GreedyAlgorithem", "GreedyAlgorithem\GreedyAlgorithem.csproj", "{AA848851-AC2C-4FE8-9349-1AC4C57E8D55}"
EndProject
Project("{2150E333-8FDC-42A3-9474-1A3956D46DE8}") = "StandardGreedyAlgorithem", "StandardGreedyAlgorithem", "{CC4D01F9-9EE6-4DF7-8AE4-7B0C4F9D276B}"
EndProject
Project("{FAE04EC0-301F-11D3-BF4B-00C04F79EFBC}") = "ActivitySelectionProblem", "ActivitySelectionProblem\ActivitySelectionProblem.csproj", "{887ED72B-21EB-47EE-90D6-08D8D3FD96EA}"
EndProject
Project("{FAE04EC0-301F-11D3-BF4B-00C04F79EFBC}") = "Utilities", "Utilities\Utilities.csproj", "{1BC7099D-D83F-4F97-BC45-BE3C06BE2B32}"
EndProject
Project("{FAE04EC0-301F-11D3-BF4B-00C04F79EFBC}") = "002_EgyptianFraction", "002_EgyptianFraction\002_EgyptianFraction.csproj", "{682679B0-0FB1-4F01-B9B4-B4A5DA1366D4}"
EndProject
Project("{FAE04EC0-301F-11D3-BF4B-00C04F79EFBC}") = "003_JobSequence", "003_JobSequence\003_JobSequence.csproj", "{B9926AAB-1B4D-493B-97AC-05921ED9D8F5}"
EndProject
Project("{FAE04EC0-301F-11D3-BF4B-00C04F79EFBC}") = "004_JobSequence_Disjoint", "004_JobSequence_Disjoint\004_JobSequence_Disjoint.csproj", "{52C61E7C-A60D-493C-BA9F-EB92358E3AFF}"
EndProject
Project("{FAE04EC0-301F-11D3-BF4B-00C04F79EFBC}") = "005_JobSequence_Loss_Minimization", "005_JobSequence_Loss_Minimization\005_JobSequence_Loss_Minimization.csproj", "{16BCD0D3-B724-4103-A96E-484FC641E2B2}"
EndProject
Project("{FAE04EC0-301F-11D3-BF4B-00C04F79EFBC}") = "006_JobSequence_Loss_Minimization_Set_2", "006_JobSequence_Loss_Minimization_Set_2\006_JobSequence_Loss_Minimization_Set_2.csproj", "{0C63A282-C6E5-48FF-A624-EA54040C06DF}"
EndProject
Global
	GlobalSection(SolutionConfigurationPlatforms) = preSolution
		Debug|Any CPU = Debug|Any CPU
		Release|Any CPU = Release|Any CPU
	EndGlobalSection
	GlobalSection(ProjectConfigurationPlatforms) = postSolution
		{AA848851-AC2C-4FE8-9349-1AC4C57E8D55}.Debug|Any CPU.ActiveCfg = Debug|Any CPU
		{AA848851-AC2C-4FE8-9349-1AC4C57E8D55}.Debug|Any CPU.Build.0 = Debug|Any CPU
		{AA848851-AC2C-4FE8-9349-1AC4C57E8D55}.Release|Any CPU.ActiveCfg = Release|Any CPU
		{AA848851-AC2C-4FE8-9349-1AC4C57E8D55}.Release|Any CPU.Build.0 = Release|Any CPU
		{887ED72B-21EB-47EE-90D6-08D8D3FD96EA}.Debug|Any CPU.ActiveCfg = Debug|Any CPU
		{887ED72B-21EB-47EE-90D6-08D8D3FD96EA}.Debug|Any CPU.Build.0 = Debug|Any CPU
		{887ED72B-21EB-47EE-90D6-08D8D3FD96EA}.Release|Any CPU.ActiveCfg = Release|Any CPU
		{887ED72B-21EB-47EE-90D6-08D8D3FD96EA}.Release|Any CPU.Build.0 = Release|Any CPU
		{1BC7099D-D83F-4F97-BC45-BE3C06BE2B32}.Debug|Any CPU.ActiveCfg = Debug|Any CPU
		{1BC7099D-D83F-4F97-BC45-BE3C06BE2B32}.Debug|Any CPU.Build.0 = Debug|Any CPU
		{1BC7099D-D83F-4F97-BC45-BE3C06BE2B32}.Release|Any CPU.ActiveCfg = Release|Any CPU
		{1BC7099D-D83F-4F97-BC45-BE3C06BE2B32}.Release|Any CPU.Build.0 = Release|Any CPU
		{682679B0-0FB1-4F01-B9B4-B4A5DA1366D4}.Debug|Any CPU.ActiveCfg = Debug|Any CPU
		{682679B0-0FB1-4F01-B9B4-B4A5DA1366D4}.Debug|Any CPU.Build.0 = Debug|Any CPU
		{682679B0-0FB1-4F01-B9B4-B4A5DA1366D4}.Release|Any CPU.ActiveCfg = Release|Any CPU
		{682679B0-0FB1-4F01-B9B4-B4A5DA1366D4}.Release|Any CPU.Build.0 = Release|Any CPU
		{B9926AAB-1B4D-493B-97AC-05921ED9D8F5}.Debug|Any CPU.ActiveCfg = Debug|Any CPU
		{B9926AAB-1B4D-493B-97AC-05921ED9D8F5}.Debug|Any CPU.Build.0 = Debug|Any CPU
		{B9926AAB-1B4D-493B-97AC-05921ED9D8F5}.Release|Any CPU.ActiveCfg = Release|Any CPU
		{B9926AAB-1B4D-493B-97AC-05921ED9D8F5}.Release|Any CPU.Build.0 = Release|Any CPU
		{52C61E7C-A60D-493C-BA9F-EB92358E3AFF}.Debug|Any CPU.ActiveCfg = Debug|Any CPU
		{52C61E7C-A60D-493C-BA9F-EB92358E3AFF}.Debug|Any CPU.Build.0 = Debug|Any CPU
		{52C61E7C-A60D-493C-BA9F-EB92358E3AFF}.Release|Any CPU.ActiveCfg = Release|Any CPU
		{52C61E7C-A60D-493C-BA9F-EB92358E3AFF}.Release|Any CPU.Build.0 = Release|Any CPU
		{16BCD0D3-B724-4103-A96E-484FC641E2B2}.Debug|Any CPU.ActiveCfg = Debug|Any CPU
		{16BCD0D3-B724-4103-A96E-484FC641E2B2}.Debug|Any CPU.Build.0 = Debug|Any CPU
		{16BCD0D3-B724-4103-A96E-484FC641E2B2}.Release|Any CPU.ActiveCfg = Release|Any CPU
		{16BCD0D3-B724-4103-A96E-484FC641E2B2}.Release|Any CPU.Build.0 = Release|Any CPU
		{0C63A282-C6E5-48FF-A624-EA54040C06DF}.Debug|Any CPU.ActiveCfg = Debug|Any CPU
		{0C63A282-C6E5-48FF-A624-EA54040C06DF}.Debug|Any CPU.Build.0 = Debug|Any CPU
		{0C63A282-C6E5-48FF-A624-EA54040C06DF}.Release|Any CPU.ActiveCfg = Release|Any CPU
		{0C63A282-C6E5-48FF-A624-EA54040C06DF}.Release|Any CPU.Build.0 = Release|Any CPU
	EndGlobalSection
	GlobalSection(SolutionProperties) = preSolution
		HideSolutionNode = FALSE
	EndGlobalSection
	GlobalSection(NestedProjects) = preSolution
		{887ED72B-21EB-47EE-90D6-08D8D3FD96EA} = {CC4D01F9-9EE6-4DF7-8AE4-7B0C4F9D276B}
		{682679B0-0FB1-4F01-B9B4-B4A5DA1366D4} = {CC4D01F9-9EE6-4DF7-8AE4-7B0C4F9D276B}
		{B9926AAB-1B4D-493B-97AC-05921ED9D8F5} = {CC4D01F9-9EE6-4DF7-8AE4-7B0C4F9D276B}
		{52C61E7C-A60D-493C-BA9F-EB92358E3AFF} = {CC4D01F9-9EE6-4DF7-8AE4-7B0C4F9D276B}
		{16BCD0D3-B724-4103-A96E-484FC641E2B2} = {CC4D01F9-9EE6-4DF7-8AE4-7B0C4F9D276B}
		{0C63A282-C6E5-48FF-A624-EA54040C06DF} = {CC4D01F9-9EE6-4DF7-8AE4-7B0C4F9D276B}
	EndGlobalSection
	GlobalSection(ExtensibilityGlobals) = postSolution
		SolutionGuid = {67BD6704-9D0A-444E-AAB5-CF2BDD8A0D4C}
	EndGlobalSection
EndGlobal
