
Microsoft Visual Studio Solution File, Format Version 12.00
# Visual Studio Version 16
VisualStudioVersion = 16.0.31112.23
MinimumVisualStudioVersion = 10.0.40219.1
Project("{FAE04EC0-301F-11D3-BF4B-00C04F79EFBC}") = "GreedyAlgorithem", "GreedyAlgorithem\GreedyAlgorithem.csproj", "{AA848851-AC2C-4FE8-9349-1AC4C57E8D55}"
EndProject
Global
	GlobalSection(SolutionConfigurationPlatforms) = preSolution
		Debug|Any CPU = Debug|Any CPU
		Release|Any CPU = Release|Any CPU
	EndGlobalSection
	GlobalSection(ProjectConfigurationPlatforms) = postSolution
		{AA848851-AC2C-4FE8-9349-1AC4C57E8D55}.Debug|Any CPU.ActiveCfg = Debug|Any CPU
		{AA848851-AC2C-4FE8-9349-1AC4C57E8D55}.Debug|Any CPU.Build.0 = Debug|Any CPU
		{AA848851-AC2C-4FE8-9349-1AC4C57E8D55}.Release|Any CPU.ActiveCfg = Release|Any CPU
		{AA848851-AC2C-4FE8-9349-1AC4C57E8D55}.Release|Any CPU.Build.0 = Release|Any CPU
	EndGlobalSection
	GlobalSection(SolutionProperties) = preSolution
		HideSolutionNode = FALSE
	EndGlobalSection
	GlobalSection(ExtensibilityGlobals) = postSolution
		SolutionGuid = {67BD6704-9D0A-444E-AAB5-CF2BDD8A0D4C}
	EndGlobalSection
EndGlobal
